// !$*UTF8*$!
{
	archiveVersion = 1;
	classes = {
	};
	objectVersion = 56;
	objects = {

/* Begin PBXBuildFile section */
		1C23239429EF0991002AB7B8 /* ShootingStarApp.swift in Sources */ = {isa = PBXBuildFile; fileRef = 1C23239329EF0991002AB7B8 /* ShootingStarApp.swift */; };
		1C23239629EF0991002AB7B8 /* ContentView.swift in Sources */ = {isa = PBXBuildFile; fileRef = 1C23239529EF0991002AB7B8 /* ContentView.swift */; };
		1C23239829EF0991002AB7B8 /* Assets.xcassets in Resources */ = {isa = PBXBuildFile; fileRef = 1C23239729EF0991002AB7B8 /* Assets.xcassets */; };
		1C23239B29EF0991002AB7B8 /* Preview Assets.xcassets in Resources */ = {isa = PBXBuildFile; fileRef = 1C23239A29EF0991002AB7B8 /* Preview Assets.xcassets */; };
		1C2323A629EF09FE002AB7B8 /* ShootingStarAppModel.swift in Sources */ = {isa = PBXBuildFile; fileRef = 1C2323A529EF09FE002AB7B8 /* ShootingStarAppModel.swift */; };
		1C2323AA29EF0A1F002AB7B8 /* ContentViewModel.swift in Sources */ = {isa = PBXBuildFile; fileRef = 1C2323A929EF0A1F002AB7B8 /* ContentViewModel.swift */; };
		1C2323AE29EF0A32002AB7B8 /* Utils.swift in Sources */ = {isa = PBXBuildFile; fileRef = 1C2323AC29EF0A32002AB7B8 /* Utils.swift */; };
		1C2323AF29EF0A32002AB7B8 /* String+Extensions.swift in Sources */ = {isa = PBXBuildFile; fileRef = 1C2323AD29EF0A32002AB7B8 /* String+Extensions.swift */; };
		1C2323B229EF0ACE002AB7B8 /* MusicItem.swift in Sources */ = {isa = PBXBuildFile; fileRef = 1C2323B129EF0ACE002AB7B8 /* MusicItem.swift */; };
		1C2323B429EF162A002AB7B8 /* FFT.swift in Sources */ = {isa = PBXBuildFile; fileRef = 1C2323B329EF162A002AB7B8 /* FFT.swift */; };
		1C2323B629EF75B1002AB7B8 /* Signal.swift in Sources */ = {isa = PBXBuildFile; fileRef = 1C2323B529EF75B1002AB7B8 /* Signal.swift */; };
/* End PBXBuildFile section */

/* Begin PBXFileReference section */
		1C23239029EF0991002AB7B8 /* ShootingStar.app */ = {isa = PBXFileReference; explicitFileType = wrapper.application; includeInIndex = 0; path = ShootingStar.app; sourceTree = BUILT_PRODUCTS_DIR; };
		1C23239329EF0991002AB7B8 /* ShootingStarApp.swift */ = {isa = PBXFileReference; lastKnownFileType = sourcecode.swift; path = ShootingStarApp.swift; sourceTree = "<group>"; };
		1C23239529EF0991002AB7B8 /* ContentView.swift */ = {isa = PBXFileReference; lastKnownFileType = sourcecode.swift; path = ContentView.swift; sourceTree = "<group>"; };
		1C23239729EF0991002AB7B8 /* Assets.xcassets */ = {isa = PBXFileReference; lastKnownFileType = folder.assetcatalog; path = Assets.xcassets; sourceTree = "<group>"; };
		1C23239A29EF0991002AB7B8 /* Preview Assets.xcassets */ = {isa = PBXFileReference; lastKnownFileType = folder.assetcatalog; path = "Preview Assets.xcassets"; sourceTree = "<group>"; };
		1C2323A529EF09FE002AB7B8 /* ShootingStarAppModel.swift */ = {isa = PBXFileReference; fileEncoding = 4; lastKnownFileType = sourcecode.swift; path = ShootingStarAppModel.swift; sourceTree = "<group>"; };
		1C2323A929EF0A1F002AB7B8 /* ContentViewModel.swift */ = {isa = PBXFileReference; fileEncoding = 4; lastKnownFileType = sourcecode.swift; path = ContentViewModel.swift; sourceTree = "<group>"; };
		1C2323AC29EF0A32002AB7B8 /* Utils.swift */ = {isa = PBXFileReference; fileEncoding = 4; lastKnownFileType = sourcecode.swift; path = Utils.swift; sourceTree = "<group>"; };
		1C2323AD29EF0A32002AB7B8 /* String+Extensions.swift */ = {isa = PBXFileReference; fileEncoding = 4; lastKnownFileType = sourcecode.swift; path = "String+Extensions.swift"; sourceTree = "<group>"; };
		1C2323B129EF0ACE002AB7B8 /* MusicItem.swift */ = {isa = PBXFileReference; lastKnownFileType = sourcecode.swift; path = MusicItem.swift; sourceTree = "<group>"; };
		1C2323B329EF162A002AB7B8 /* FFT.swift */ = {isa = PBXFileReference; lastKnownFileType = sourcecode.swift; path = FFT.swift; sourceTree = "<group>"; };
		1C2323B529EF75B1002AB7B8 /* Signal.swift */ = {isa = PBXFileReference; lastKnownFileType = sourcecode.swift; path = Signal.swift; sourceTree = "<group>"; };
/* End PBXFileReference section */

/* Begin PBXFrameworksBuildPhase section */
		1C23238D29EF0991002AB7B8 /* Frameworks */ = {
			isa = PBXFrameworksBuildPhase;
			buildActionMask = 2147483647;
			files = (
			);
			runOnlyForDeploymentPostprocessing = 0;
		};
/* End PBXFrameworksBuildPhase section */

/* Begin PBXGroup section */
		1C23238729EF0991002AB7B8 = {
			isa = PBXGroup;
			children = (
				1C23239229EF0991002AB7B8 /* ShootingStar */,
				1C23239129EF0991002AB7B8 /* Products */,
			);
			sourceTree = "<group>";
		};
		1C23239129EF0991002AB7B8 /* Products */ = {
			isa = PBXGroup;
			children = (
				1C23239029EF0991002AB7B8 /* ShootingStar.app */,
			);
			name = Products;
			sourceTree = "<group>";
		};
		1C23239229EF0991002AB7B8 /* ShootingStar */ = {
			isa = PBXGroup;
			children = (
				1C23239729EF0991002AB7B8 /* Assets.xcassets */,
				1C2323A229EF09D0002AB7B8 /* Data */,
				1C2323A129EF09C9002AB7B8 /* Domain */,
				1C2323A329EF09D5002AB7B8 /* Presentation */,
				1C2323A429EF09DB002AB7B8 /* Helper */,
				1C23239929EF0991002AB7B8 /* Preview Content */,
			);
			path = ShootingStar;
			sourceTree = "<group>";
		};
		1C23239929EF0991002AB7B8 /* Preview Content */ = {
			isa = PBXGroup;
			children = (
				1C23239A29EF0991002AB7B8 /* Preview Assets.xcassets */,
			);
			path = "Preview Content";
			sourceTree = "<group>";
		};
		1C2323A129EF09C9002AB7B8 /* Domain */ = {
			isa = PBXGroup;
			children = (
				1C2323A529EF09FE002AB7B8 /* ShootingStarAppModel.swift */,
				1C2323A729EF0A0C002AB7B8 /* Model */,
				1C2323A829EF0A12002AB7B8 /* ViewModel */,
			);
			path = Domain;
			sourceTree = "<group>";
		};
		1C2323A229EF09D0002AB7B8 /* Data */ = {
			isa = PBXGroup;
			children = (
				1C2323B029EF0AC1002AB7B8 /* Entity */,
			);
			path = Data;
			sourceTree = "<group>";
		};
		1C2323A329EF09D5002AB7B8 /* Presentation */ = {
			isa = PBXGroup;
			children = (
				1C23239329EF0991002AB7B8 /* ShootingStarApp.swift */,
				1C2323AB29EF0A25002AB7B8 /* View */,
			);
			path = Presentation;
			sourceTree = "<group>";
		};
		1C2323A429EF09DB002AB7B8 /* Helper */ = {
			isa = PBXGroup;
			children = (
				1C2323AD29EF0A32002AB7B8 /* String+Extensions.swift */,
				1C2323AC29EF0A32002AB7B8 /* Utils.swift */,
			);
			path = Helper;
			sourceTree = "<group>";
		};
		1C2323A729EF0A0C002AB7B8 /* Model */ = {
			isa = PBXGroup;
			children = (
				1C2323B329EF162A002AB7B8 /* FFT.swift */,
				1C2323B529EF75B1002AB7B8 /* Signal.swift */,
			);
			path = Model;
			sourceTree = "<group>";
		};
		1C2323A829EF0A12002AB7B8 /* ViewModel */ = {
			isa = PBXGroup;
			children = (
				1C2323A929EF0A1F002AB7B8 /* ContentViewModel.swift */,
			);
			path = ViewModel;
			sourceTree = "<group>";
		};
		1C2323AB29EF0A25002AB7B8 /* View */ = {
			isa = PBXGroup;
			children = (
				1C23239529EF0991002AB7B8 /* ContentView.swift */,
			);
			path = View;
			sourceTree = "<group>";
		};
		1C2323B029EF0AC1002AB7B8 /* Entity */ = {
			isa = PBXGroup;
			children = (
				1C2323B129EF0ACE002AB7B8 /* MusicItem.swift */,
			);
			path = Entity;
			sourceTree = "<group>";
		};
/* End PBXGroup section */

/* Begin PBXNativeTarget section */
		1C23238F29EF0991002AB7B8 /* ShootingStar */ = {
			isa = PBXNativeTarget;
			buildConfigurationList = 1C23239E29EF0991002AB7B8 /* Build configuration list for PBXNativeTarget "ShootingStar" */;
			buildPhases = (
				1C23238C29EF0991002AB7B8 /* Sources */,
				1C23238D29EF0991002AB7B8 /* Frameworks */,
				1C23238E29EF0991002AB7B8 /* Resources */,
			);
			buildRules = (
			);
			dependencies = (
			);
			name = ShootingStar;
			productName = ShootingStar;
			productReference = 1C23239029EF0991002AB7B8 /* ShootingStar.app */;
			productType = "com.apple.product-type.application";
		};
/* End PBXNativeTarget section */

/* Begin PBXProject section */
		1C23238829EF0991002AB7B8 /* Project object */ = {
			isa = PBXProject;
			attributes = {
				BuildIndependentTargetsInParallel = 1;
				LastSwiftUpdateCheck = 1420;
				LastUpgradeCheck = 1420;
				TargetAttributes = {
					1C23238F29EF0991002AB7B8 = {
						CreatedOnToolsVersion = 14.2;
					};
				};
			};
			buildConfigurationList = 1C23238B29EF0991002AB7B8 /* Build configuration list for PBXProject "ShootingStar" */;
			compatibilityVersion = "Xcode 14.0";
			developmentRegion = en;
			hasScannedForEncodings = 0;
			knownRegions = (
				en,
				Base,
			);
			mainGroup = 1C23238729EF0991002AB7B8;
			productRefGroup = 1C23239129EF0991002AB7B8 /* Products */;
			projectDirPath = "";
			projectRoot = "";
			targets = (
				1C23238F29EF0991002AB7B8 /* ShootingStar */,
			);
		};
/* End PBXProject section */

/* Begin PBXResourcesBuildPhase section */
		1C23238E29EF0991002AB7B8 /* Resources */ = {
			isa = PBXResourcesBuildPhase;
			buildActionMask = 2147483647;
			files = (
				1C23239B29EF0991002AB7B8 /* Preview Assets.xcassets in Resources */,
				1C23239829EF0991002AB7B8 /* Assets.xcassets in Resources */,
			);
			runOnlyForDeploymentPostprocessing = 0;
		};
/* End PBXResourcesBuildPhase section */

/* Begin PBXSourcesBuildPhase section */
		1C23238C29EF0991002AB7B8 /* Sources */ = {
			isa = PBXSourcesBuildPhase;
			buildActionMask = 2147483647;
			files = (
				1C2323AE29EF0A32002AB7B8 /* Utils.swift in Sources */,
				1C2323AA29EF0A1F002AB7B8 /* ContentViewModel.swift in Sources */,
				1C2323B229EF0ACE002AB7B8 /* MusicItem.swift in Sources */,
				1C2323A629EF09FE002AB7B8 /* ShootingStarAppModel.swift in Sources */,
				1C2323B629EF75B1002AB7B8 /* Signal.swift in Sources */,
				1C2323B429EF162A002AB7B8 /* FFT.swift in Sources */,
				1C23239629EF0991002AB7B8 /* ContentView.swift in Sources */,
				1C2323AF29EF0A32002AB7B8 /* String+Extensions.swift in Sources */,
				1C23239429EF0991002AB7B8 /* ShootingStarApp.swift in Sources */,
			);
			runOnlyForDeploymentPostprocessing = 0;
		};
/* End PBXSourcesBuildPhase section */

/* Begin XCBuildConfiguration section */
		1C23239C29EF0991002AB7B8 /* Debug */ = {
			isa = XCBuildConfiguration;
			buildSettings = {
				ALWAYS_SEARCH_USER_PATHS = NO;
				CLANG_ANALYZER_NONNULL = YES;
				CLANG_ANALYZER_NUMBER_OBJECT_CONVERSION = YES_AGGRESSIVE;
				CLANG_CXX_LANGUAGE_STANDARD = "gnu++20";
				CLANG_ENABLE_MODULES = YES;
				CLANG_ENABLE_OBJC_ARC = YES;
				CLANG_ENABLE_OBJC_WEAK = YES;
				CLANG_WARN_BLOCK_CAPTURE_AUTORELEASING = YES;
				CLANG_WARN_BOOL_CONVERSION = YES;
				CLANG_WARN_COMMA = YES;
				CLANG_WARN_CONSTANT_CONVERSION = YES;
				CLANG_WARN_DEPRECATED_OBJC_IMPLEMENTATIONS = YES;
				CLANG_WARN_DIRECT_OBJC_ISA_USAGE = YES_ERROR;
				CLANG_WARN_DOCUMENTATION_COMMENTS = YES;
				CLANG_WARN_EMPTY_BODY = YES;
				CLANG_WARN_ENUM_CONVERSION = YES;
				CLANG_WARN_INFINITE_RECURSION = YES;
				CLANG_WARN_INT_CONVERSION = YES;
				CLANG_WARN_NON_LITERAL_NULL_CONVERSION = YES;
				CLANG_WARN_OBJC_IMPLICIT_RETAIN_SELF = YES;
				CLANG_WARN_OBJC_LITERAL_CONVERSION = YES;
				CLANG_WARN_OBJC_ROOT_CLASS = YES_ERROR;
				CLANG_WARN_QUOTED_INCLUDE_IN_FRAMEWORK_HEADER = YES;
				CLANG_WARN_RANGE_LOOP_ANALYSIS = YES;
				CLANG_WARN_STRICT_PROTOTYPES = YES;
				CLANG_WARN_SUSPICIOUS_MOVE = YES;
				CLANG_WARN_UNGUARDED_AVAILABILITY = YES_AGGRESSIVE;
				CLANG_WARN_UNREACHABLE_CODE = YES;
				CLANG_WARN__DUPLICATE_METHOD_MATCH = YES;
				COPY_PHASE_STRIP = NO;
				DEBUG_INFORMATION_FORMAT = dwarf;
				ENABLE_STRICT_OBJC_MSGSEND = YES;
				ENABLE_TESTABILITY = YES;
				GCC_C_LANGUAGE_STANDARD = gnu11;
				GCC_DYNAMIC_NO_PIC = NO;
				GCC_NO_COMMON_BLOCKS = YES;
				GCC_OPTIMIZATION_LEVEL = 0;
				GCC_PREPROCESSOR_DEFINITIONS = (
					"DEBUG=1",
					"$(inherited)",
				);
				GCC_WARN_64_TO_32_BIT_CONVERSION = YES;
				GCC_WARN_ABOUT_RETURN_TYPE = YES_ERROR;
				GCC_WARN_UNDECLARED_SELECTOR = YES;
				GCC_WARN_UNINITIALIZED_AUTOS = YES_AGGRESSIVE;
				GCC_WARN_UNUSED_FUNCTION = YES;
				GCC_WARN_UNUSED_VARIABLE = YES;
				IPHONEOS_DEPLOYMENT_TARGET = 16.0;
				MTL_ENABLE_DEBUG_INFO = INCLUDE_SOURCE;
				MTL_FAST_MATH = YES;
				ONLY_ACTIVE_ARCH = YES;
				SDKROOT = iphoneos;
				SWIFT_ACTIVE_COMPILATION_CONDITIONS = DEBUG;
				SWIFT_OPTIMIZATION_LEVEL = "-Onone";
			};
			name = Debug;
		};
		1C23239D29EF0991002AB7B8 /* Release */ = {
			isa = XCBuildConfiguration;
			buildSettings = {
				ALWAYS_SEARCH_USER_PATHS = NO;
				CLANG_ANALYZER_NONNULL = YES;
				CLANG_ANALYZER_NUMBER_OBJECT_CONVERSION = YES_AGGRESSIVE;
				CLANG_CXX_LANGUAGE_STANDARD = "gnu++20";
				CLANG_ENABLE_MODULES = YES;
				CLANG_ENABLE_OBJC_ARC = YES;
				CLANG_ENABLE_OBJC_WEAK = YES;
				CLANG_WARN_BLOCK_CAPTURE_AUTORELEASING = YES;
				CLANG_WARN_BOOL_CONVERSION = YES;
				CLANG_WARN_COMMA = YES;
				CLANG_WARN_CONSTANT_CONVERSION = YES;
				CLANG_WARN_DEPRECATED_OBJC_IMPLEMENTATIONS = YES;
				CLANG_WARN_DIRECT_OBJC_ISA_USAGE = YES_ERROR;
				CLANG_WARN_DOCUMENTATION_COMMENTS = YES;
				CLANG_WARN_EMPTY_BODY = YES;
				CLANG_WARN_ENUM_CONVERSION = YES;
				CLANG_WARN_INFINITE_RECURSION = YES;
				CLANG_WARN_INT_CONVERSION = YES;
				CLANG_WARN_NON_LITERAL_NULL_CONVERSION = YES;
				CLANG_WARN_OBJC_IMPLICIT_RETAIN_SELF = YES;
				CLANG_WARN_OBJC_LITERAL_CONVERSION = YES;
				CLANG_WARN_OBJC_ROOT_CLASS = YES_ERROR;
				CLANG_WARN_QUOTED_INCLUDE_IN_FRAMEWORK_HEADER = YES;
				CLANG_WARN_RANGE_LOOP_ANALYSIS = YES;
				CLANG_WARN_STRICT_PROTOTYPES = YES;
				CLANG_WARN_SUSPICIOUS_MOVE = YES;
				CLANG_WARN_UNGUARDED_AVAILABILITY = YES_AGGRESSIVE;
				CLANG_WARN_UNREACHABLE_CODE = YES;
				CLANG_WARN__DUPLICATE_METHOD_MATCH = YES;
				COPY_PHASE_STRIP = NO;
				DEBUG_INFORMATION_FORMAT = "dwarf-with-dsym";
				ENABLE_NS_ASSERTIONS = NO;
				ENABLE_STRICT_OBJC_MSGSEND = YES;
				GCC_C_LANGUAGE_STANDARD = gnu11;
				GCC_NO_COMMON_BLOCKS = YES;
				GCC_WARN_64_TO_32_BIT_CONVERSION = YES;
				GCC_WARN_ABOUT_RETURN_TYPE = YES_ERROR;
				GCC_WARN_UNDECLARED_SELECTOR = YES;
				GCC_WARN_UNINITIALIZED_AUTOS = YES_AGGRESSIVE;
				GCC_WARN_UNUSED_FUNCTION = YES;
				GCC_WARN_UNUSED_VARIABLE = YES;
				IPHONEOS_DEPLOYMENT_TARGET = 16.0;
				MTL_ENABLE_DEBUG_INFO = NO;
				MTL_FAST_MATH = YES;
				SDKROOT = iphoneos;
				SWIFT_COMPILATION_MODE = wholemodule;
				SWIFT_OPTIMIZATION_LEVEL = "-O";
				VALIDATE_PRODUCT = YES;
			};
			name = Release;
		};
		1C23239F29EF0991002AB7B8 /* Debug */ = {
			isa = XCBuildConfiguration;
			buildSettings = {
				ASSETCATALOG_COMPILER_APPICON_NAME = AppIcon;
				ASSETCATALOG_COMPILER_GLOBAL_ACCENT_COLOR_NAME = AccentColor;
				CODE_SIGN_STYLE = Automatic;
				CURRENT_PROJECT_VERSION = 1;
				DEVELOPMENT_ASSET_PATHS = "\"ShootingStar/Preview Content\"";
				DEVELOPMENT_TEAM = VJ5N2X84K8;
				ENABLE_PREVIEWS = YES;
				GENERATE_INFOPLIST_FILE = YES;
				INFOPLIST_KEY_NSAppleMusicUsageDescription = "再生する音楽を探すために使いまーす";
				INFOPLIST_KEY_UIApplicationSceneManifest_Generation = YES;
				INFOPLIST_KEY_UIApplicationSupportsIndirectInputEvents = YES;
				INFOPLIST_KEY_UILaunchScreen_Generation = YES;
				INFOPLIST_KEY_UISupportedInterfaceOrientations_iPad = "UIInterfaceOrientationPortrait UIInterfaceOrientationPortraitUpsideDown UIInterfaceOrientationLandscapeLeft UIInterfaceOrientationLandscapeRight";
				INFOPLIST_KEY_UISupportedInterfaceOrientations_iPhone = "UIInterfaceOrientationPortrait UIInterfaceOrientationLandscapeLeft UIInterfaceOrientationLandscapeRight";
				LD_RUNPATH_SEARCH_PATHS = (
					"$(inherited)",
					"@executable_path/Frameworks",
				);
				MARKETING_VERSION = 1.0;
				PRODUCT_BUNDLE_IDENTIFIER = com.kyome.ShootingStar;
				PRODUCT_NAME = "$(TARGET_NAME)";
				SWIFT_EMIT_LOC_STRINGS = YES;
				SWIFT_VERSION = 5.0;
				TARGETED_DEVICE_FAMILY = "1,2";
			};
			name = Debug;
		};
		1C2323A029EF0991002AB7B8 /* Release */ = {
			isa = XCBuildConfiguration;
			buildSettings = {
				ASSETCATALOG_COMPILER_APPICON_NAME = AppIcon;
				ASSETCATALOG_COMPILER_GLOBAL_ACCENT_COLOR_NAME = AccentColor;
				CODE_SIGN_STYLE = Automatic;
				CURRENT_PROJECT_VERSION = 1;
				DEVELOPMENT_ASSET_PATHS = "\"ShootingStar/Preview Content\"";
				DEVELOPMENT_TEAM = VJ5N2X84K8;
				ENABLE_PREVIEWS = YES;
				GENERATE_INFOPLIST_FILE = YES;
				INFOPLIST_KEY_NSAppleMusicUsageDescription = "再生する音楽を探すために使いまーす";
				INFOPLIST_KEY_UIApplicationSceneManifest_Generation = YES;
				INFOPLIST_KEY_UIApplicationSupportsIndirectInputEvents = YES;
				INFOPLIST_KEY_UILaunchScreen_Generation = YES;
				INFOPLIST_KEY_UISupportedInterfaceOrientations_iPad = "UIInterfaceOrientationPortrait UIInterfaceOrientationPortraitUpsideDown UIInterfaceOrientationLandscapeLeft UIInterfaceOrientationLandscapeRight";
				INFOPLIST_KEY_UISupportedInterfaceOrientations_iPhone = "UIInterfaceOrientationPortrait UIInterfaceOrientationLandscapeLeft UIInterfaceOrientationLandscapeRight";
				LD_RUNPATH_SEARCH_PATHS = (
					"$(inherited)",
					"@executable_path/Frameworks",
				);
				MARKETING_VERSION = 1.0;
				PRODUCT_BUNDLE_IDENTIFIER = com.kyome.ShootingStar;
				PRODUCT_NAME = "$(TARGET_NAME)";
				SWIFT_EMIT_LOC_STRINGS = YES;
				SWIFT_VERSION = 5.0;
				TARGETED_DEVICE_FAMILY = "1,2";
			};
			name = Release;
		};
/* End XCBuildConfiguration section */

/* Begin XCConfigurationList section */
		1C23238B29EF0991002AB7B8 /* Build configuration list for PBXProject "ShootingStar" */ = {
			isa = XCConfigurationList;
			buildConfigurations = (
				1C23239C29EF0991002AB7B8 /* Debug */,
				1C23239D29EF0991002AB7B8 /* Release */,
			);
			defaultConfigurationIsVisible = 0;
			defaultConfigurationName = Release;
		};
		1C23239E29EF0991002AB7B8 /* Build configuration list for PBXNativeTarget "ShootingStar" */ = {
			isa = XCConfigurationList;
			buildConfigurations = (
				1C23239F29EF0991002AB7B8 /* Debug */,
				1C2323A029EF0991002AB7B8 /* Release */,
			);
			defaultConfigurationIsVisible = 0;
			defaultConfigurationName = Release;
		};
/* End XCConfigurationList section */
	};
	rootObject = 1C23238829EF0991002AB7B8 /* Project object */;
}
